
Microsoft Visual Studio Solution File, Format Version 12.00
# Visual Studio Version 16
VisualStudioVersion = 16.0.31729.503
MinimumVisualStudioVersion = 10.0.40219.1
Project("{FAE04EC0-301F-11D3-BF4B-00C04F79EFBC}") = "EntityFrameworkProject1", "EntityFrameworkProject1\EntityFrameworkProject1.csproj", "{218C6503-5E4F-49CC-BBCE-989A3442885C}"
EndProject
Global
	GlobalSection(SolutionConfigurationPlatforms) = preSolution
		Debug|Any CPU = Debug|Any CPU
		Release|Any CPU = Release|Any CPU
	EndGlobalSection
	GlobalSection(ProjectConfigurationPlatforms) = postSolution
		{218C6503-5E4F-49CC-BBCE-989A3442885C}.Debug|Any CPU.ActiveCfg = Debug|Any CPU
		{218C6503-5E4F-49CC-BBCE-989A3442885C}.Debug|Any CPU.Build.0 = Debug|Any CPU
		{218C6503-5E4F-49CC-BBCE-989A3442885C}.Release|Any CPU.ActiveCfg = Release|Any CPU
		{218C6503-5E4F-49CC-BBCE-989A3442885C}.Release|Any CPU.Build.0 = Release|Any CPU
	EndGlobalSection
	GlobalSection(SolutionProperties) = preSolution
		HideSolutionNode = FALSE
	EndGlobalSection
	GlobalSection(ExtensibilityGlobals) = postSolution
		SolutionGuid = {A2B6CFE1-B674-4646-92E3-DCA6F24492EE}
	EndGlobalSection
EndGlobal
